
Microsoft Visual Studio Solution File, Format Version 12.00
# Visual Studio Version 17
VisualStudioVersion = 17.13.36105.23 d17.13
MinimumVisualStudioVersion = 10.0.40219.1
Project("{FAE04EC0-301F-11D3-BF4B-00C04F79EFBC}") = "SignalRProjectRestaurant.API", "SignalRProjectRestaurant.API\SignalRProjectRestaurant.API.csproj", "{4066BF2D-367D-419F-A515-28FDE62A745A}"
EndProject
Project("{FAE04EC0-301F-11D3-BF4B-00C04F79EFBC}") = "SignalRProjectRestaurant.WebUI", "SignalRProjectRestaurant.WebUI\SignalRProjectRestaurant.WebUI.csproj", "{C424D3F3-668C-414B-85A2-18EC694DEE3D}"
EndProject
Global
	GlobalSection(SolutionConfigurationPlatforms) = preSolution
		Debug|Any CPU = Debug|Any CPU
		Release|Any CPU = Release|Any CPU
	EndGlobalSection
	GlobalSection(ProjectConfigurationPlatforms) = postSolution
		{4066BF2D-367D-419F-A515-28FDE62A745A}.Debug|Any CPU.ActiveCfg = Debug|Any CPU
		{4066BF2D-367D-419F-A515-28FDE62A745A}.Debug|Any CPU.Build.0 = Debug|Any CPU
		{4066BF2D-367D-419F-A515-28FDE62A745A}.Release|Any CPU.ActiveCfg = Release|Any CPU
		{4066BF2D-367D-419F-A515-28FDE62A745A}.Release|Any CPU.Build.0 = Release|Any CPU
		{C424D3F3-668C-414B-85A2-18EC694DEE3D}.Debug|Any CPU.ActiveCfg = Debug|Any CPU
		{C424D3F3-668C-414B-85A2-18EC694DEE3D}.Debug|Any CPU.Build.0 = Debug|Any CPU
		{C424D3F3-668C-414B-85A2-18EC694DEE3D}.Release|Any CPU.ActiveCfg = Release|Any CPU
		{C424D3F3-668C-414B-85A2-18EC694DEE3D}.Release|Any CPU.Build.0 = Release|Any CPU
	EndGlobalSection
	GlobalSection(SolutionProperties) = preSolution
		HideSolutionNode = FALSE
	EndGlobalSection
	GlobalSection(ExtensibilityGlobals) = postSolution
		SolutionGuid = {2515461A-2ACE-4F98-8412-1A3DEBD2C32C}
	EndGlobalSection
EndGlobal
